
Microsoft Visual Studio Solution File, Format Version 12.00
# Visual Studio Version 16
VisualStudioVersion = 16.0.29709.97
MinimumVisualStudioVersion = 10.0.40219.1
Project("{FAE04EC0-301F-11D3-BF4B-00C04F79EFBC}") = "Biblioteca", "..\Biblioteca\Biblioteca.csproj", "{DE702AF5-3647-45C3-AD79-CA3EB93259E7}"
EndProject
Project("{FAE04EC0-301F-11D3-BF4B-00C04F79EFBC}") = "Teste de Biblioteca", "..\Teste de Biblioteca\Teste de Biblioteca.csproj", "{D20F5BAE-5064-4466-A598-ACDFD408EBF6}"
EndProject
Global
	GlobalSection(SolutionConfigurationPlatforms) = preSolution
		Debug|Any CPU = Debug|Any CPU
		Release|Any CPU = Release|Any CPU
	EndGlobalSection
	GlobalSection(ProjectConfigurationPlatforms) = postSolution
		{DE702AF5-3647-45C3-AD79-CA3EB93259E7}.Debug|Any CPU.ActiveCfg = Debug|Any CPU
		{DE702AF5-3647-45C3-AD79-CA3EB93259E7}.Debug|Any CPU.Build.0 = Debug|Any CPU
		{DE702AF5-3647-45C3-AD79-CA3EB93259E7}.Release|Any CPU.ActiveCfg = Release|Any CPU
		{DE702AF5-3647-45C3-AD79-CA3EB93259E7}.Release|Any CPU.Build.0 = Release|Any CPU
		{D20F5BAE-5064-4466-A598-ACDFD408EBF6}.Debug|Any CPU.ActiveCfg = Debug|Any CPU
		{D20F5BAE-5064-4466-A598-ACDFD408EBF6}.Debug|Any CPU.Build.0 = Debug|Any CPU
		{D20F5BAE-5064-4466-A598-ACDFD408EBF6}.Release|Any CPU.ActiveCfg = Release|Any CPU
		{D20F5BAE-5064-4466-A598-ACDFD408EBF6}.Release|Any CPU.Build.0 = Release|Any CPU
	EndGlobalSection
	GlobalSection(SolutionProperties) = preSolution
		HideSolutionNode = FALSE
	EndGlobalSection
	GlobalSection(ExtensibilityGlobals) = postSolution
		SolutionGuid = {C7C9C8FA-386D-4853-B68E-B19292F5E80C}
	EndGlobalSection
EndGlobal
